
Microsoft Visual Studio Solution File, Format Version 11.00
# Visual Studio 2010
# SharpDevelop 4.4
Project("{FAE04EC0-301F-11D3-BF4B-00C04F79EFBC}") = "Playtime", "Playtime\Playtime.csproj", "{7E87B340-3991-4D99-AE3A-5F9E2587643E}"
EndProject
Global
	GlobalSection(SolutionConfigurationPlatforms) = preSolution
		Debug|Any CPU = Debug|Any CPU
		Release|Any CPU = Release|Any CPU
	EndGlobalSection
	GlobalSection(ProjectConfigurationPlatforms) = postSolution
		{7E87B340-3991-4D99-AE3A-5F9E2587643E}.Debug|Any CPU.Build.0 = Debug|Any CPU
		{7E87B340-3991-4D99-AE3A-5F9E2587643E}.Debug|Any CPU.ActiveCfg = Debug|Any CPU
		{7E87B340-3991-4D99-AE3A-5F9E2587643E}.Release|Any CPU.Build.0 = Release|Any CPU
		{7E87B340-3991-4D99-AE3A-5F9E2587643E}.Release|Any CPU.ActiveCfg = Release|Any CPU
	EndGlobalSection
EndGlobal
